
Microsoft Visual Studio Solution File, Format Version 12.00
# Visual Studio 15
VisualStudioVersion = 15.0.28307.1000
MinimumVisualStudioVersion = 10.0.40219.1
Project("{8BC9CEB8-8B4A-11D0-8D11-00A0C91BC942}") = "Server", "Server\Server.vcxproj", "{501C77A2-DBD6-4565-AFF6-EE1CF80A34FA}"
EndProject
Global
	GlobalSection(SolutionConfigurationPlatforms) = preSolution
		Debug|x64 = Debug|x64
		Debug|x86 = Debug|x86
		Release|x64 = Release|x64
		Release|x86 = Release|x86
	EndGlobalSection
	GlobalSection(ProjectConfigurationPlatforms) = postSolution
		{501C77A2-DBD6-4565-AFF6-EE1CF80A34FA}.Debug|x64.ActiveCfg = Debug|x64
		{501C77A2-DBD6-4565-AFF6-EE1CF80A34FA}.Debug|x64.Build.0 = Debug|x64
		{501C77A2-DBD6-4565-AFF6-EE1CF80A34FA}.Debug|x86.ActiveCfg = Debug|Win32
		{501C77A2-DBD6-4565-AFF6-EE1CF80A34FA}.Debug|x86.Build.0 = Debug|Win32
		{501C77A2-DBD6-4565-AFF6-EE1CF80A34FA}.Release|x64.ActiveCfg = Release|x64
		{501C77A2-DBD6-4565-AFF6-EE1CF80A34FA}.Release|x64.Build.0 = Release|x64
		{501C77A2-DBD6-4565-AFF6-EE1CF80A34FA}.Release|x86.ActiveCfg = Release|Win32
		{501C77A2-DBD6-4565-AFF6-EE1CF80A34FA}.Release|x86.Build.0 = Release|Win32
	EndGlobalSection
	GlobalSection(SolutionProperties) = preSolution
		HideSolutionNode = FALSE
	EndGlobalSection
	GlobalSection(ExtensibilityGlobals) = postSolution
		SolutionGuid = {B8FDB174-AAAF-4856-B1B5-EB5D0B2E1122}
	EndGlobalSection
EndGlobal
